
Microsoft Visual Studio Solution File, Format Version 12.00
# Visual Studio Version 16
VisualStudioVersion = 16.0.37327.17
MinimumVisualStudioVersion = 10.0.40219.1
Project("{FAE04EC0-301F-11D3-BF4B-00C04F79EFBC}") = "SylphMage TMP handler", "SylphMage TMP handler.csproj", "{16EB96DA-9F3D-4F3C-A7E9-EFB479EE1E26}"
EndProject
Global
	GlobalSection(SolutionConfigurationPlatforms) = preSolution
		Debug|Any CPU = Debug|Any CPU
		Release|Any CPU = Release|Any CPU
	EndGlobalSection
	GlobalSection(ProjectConfigurationPlatforms) = postSolution
		{16EB96DA-9F3D-4F3C-A7E9-EFB479EE1E26}.Debug|Any CPU.ActiveCfg = Debug|Any CPU
		{16EB96DA-9F3D-4F3C-A7E9-EFB479EE1E26}.Debug|Any CPU.Build.0 = Debug|Any CPU
		{16EB96DA-9F3D-4F3C-A7E9-EFB479EE1E26}.Release|Any CPU.ActiveCfg = Release|Any CPU
		{16EB96DA-9F3D-4F3C-A7E9-EFB479EE1E26}.Release|Any CPU.Build.0 = Release|Any CPU
	EndGlobalSection
	GlobalSection(SolutionProperties) = preSolution
		HideSolutionNode = FALSE
	EndGlobalSection
	GlobalSection(ExtensibilityGlobals) = postSolution
		SolutionGuid = {0A59FBA7-1A74-4599-845D-47923F4F3BDC}
	EndGlobalSection
EndGlobal
